// !$*UTF8*$!
{
	archiveVersion = 1;
	classes = {
	};
	objectVersion = 48;
	objects = {

/* Begin PBXBuildFile section */
		1544FD2120415709001CBBDB /* AppDelegate.swift in Sources */ = {isa = PBXBuildFile; fileRef = 1544FD2020415709001CBBDB /* AppDelegate.swift */; };
		1544FD2820415709001CBBDB /* Assets.xcassets in Resources */ = {isa = PBXBuildFile; fileRef = 1544FD2720415709001CBBDB /* Assets.xcassets */; };
		1544FD2B20415709001CBBDB /* LaunchScreen.storyboard in Resources */ = {isa = PBXBuildFile; fileRef = 1544FD2920415709001CBBDB /* LaunchScreen.storyboard */; };
		1544FD3620415709001CBBDB /* FibaroRecruitmentAppTests.swift in Sources */ = {isa = PBXBuildFile; fileRef = 1544FD3520415709001CBBDB /* FibaroRecruitmentAppTests.swift */; };
		1544FD4120415709001CBBDB /* FibaroRecruitmentAppUITests.swift in Sources */ = {isa = PBXBuildFile; fileRef = 1544FD4020415709001CBBDB /* FibaroRecruitmentAppUITests.swift */; };
		157F2092204160EE00D7880D /* RequestType.swift in Sources */ = {isa = PBXBuildFile; fileRef = 157F2084204160ED00D7880D /* RequestType.swift */; };
		157F2093204160EE00D7880D /* String+Extensions.swift in Sources */ = {isa = PBXBuildFile; fileRef = 157F2086204160ED00D7880D /* String+Extensions.swift */; };
		157F2094204160EE00D7880D /* SectionObject.swift in Sources */ = {isa = PBXBuildFile; fileRef = 157F2088204160ED00D7880D /* SectionObject.swift */; };
		157F2095204160EE00D7880D /* CentralObject.swift in Sources */ = {isa = PBXBuildFile; fileRef = 157F2089204160ED00D7880D /* CentralObject.swift */; };
		157F2096204160EE00D7880D /* ApiManager.swift in Sources */ = {isa = PBXBuildFile; fileRef = 157F208B204160EE00D7880D /* ApiManager.swift */; };
		157F2097204160EE00D7880D /* CentralRequest.swift in Sources */ = {isa = PBXBuildFile; fileRef = 157F208D204160EE00D7880D /* CentralRequest.swift */; };
		157F2098204160EE00D7880D /* SectionRequest.swift in Sources */ = {isa = PBXBuildFile; fileRef = 157F208E204160EE00D7880D /* SectionRequest.swift */; };
		157F2099204160EE00D7880D /* APIRequest.swift in Sources */ = {isa = PBXBuildFile; fileRef = 157F208F204160EE00D7880D /* APIRequest.swift */; };
		157F209A204160EE00D7880D /* MainViewController.swift in Sources */ = {isa = PBXBuildFile; fileRef = 157F2091204160EE00D7880D /* MainViewController.swift */; };
		157F209E2041613A00D7880D /* CentralInformationView.swift in Sources */ = {isa = PBXBuildFile; fileRef = 157F209C2041613A00D7880D /* CentralInformationView.swift */; };
		157F209F2041613A00D7880D /* BaseView.swift in Sources */ = {isa = PBXBuildFile; fileRef = 157F209D2041613A00D7880D /* BaseView.swift */; };
		157F20A12041637000D7880D /* BaseViewController.swift in Sources */ = {isa = PBXBuildFile; fileRef = 157F20A02041637000D7880D /* BaseViewController.swift */; };
		9E154EFFA483547D5AD61EA4 /* Pods_FibaroRecruitmentApp.framework in Frameworks */ = {isa = PBXBuildFile; fileRef = B5265F95E460DF8C64A4F877 /* Pods_FibaroRecruitmentApp.framework */; };
/* End PBXBuildFile section */

/* Begin PBXContainerItemProxy section */
		1544FD3220415709001CBBDB /* PBXContainerItemProxy */ = {
			isa = PBXContainerItemProxy;
			containerPortal = 1544FD1520415709001CBBDB /* Project object */;
			proxyType = 1;
			remoteGlobalIDString = 1544FD1C20415709001CBBDB;
			remoteInfo = FibaroRecruitmentApp;
		};
		1544FD3D20415709001CBBDB /* PBXContainerItemProxy */ = {
			isa = PBXContainerItemProxy;
			containerPortal = 1544FD1520415709001CBBDB /* Project object */;
			proxyType = 1;
			remoteGlobalIDString = 1544FD1C20415709001CBBDB;
			remoteInfo = FibaroRecruitmentApp;
		};
/* End PBXContainerItemProxy section */

/* Begin PBXFileReference section */
		1544FD1D20415709001CBBDB /* FibaroRecruitmentApp.app */ = {isa = PBXFileReference; explicitFileType = wrapper.application; includeInIndex = 0; path = FibaroRecruitmentApp.app; sourceTree = BUILT_PRODUCTS_DIR; };
		1544FD2020415709001CBBDB /* AppDelegate.swift */ = {isa = PBXFileReference; lastKnownFileType = sourcecode.swift; path = AppDelegate.swift; sourceTree = "<group>"; };
		1544FD2720415709001CBBDB /* Assets.xcassets */ = {isa = PBXFileReference; lastKnownFileType = folder.assetcatalog; path = Assets.xcassets; sourceTree = "<group>"; };
		1544FD2A20415709001CBBDB /* Base */ = {isa = PBXFileReference; lastKnownFileType = file.storyboard; name = Base; path = Base.lproj/LaunchScreen.storyboard; sourceTree = "<group>"; };
		1544FD2C20415709001CBBDB /* Info.plist */ = {isa = PBXFileReference; lastKnownFileType = text.plist.xml; path = Info.plist; sourceTree = "<group>"; };
		1544FD3120415709001CBBDB /* FibaroRecruitmentAppTests.xctest */ = {isa = PBXFileReference; explicitFileType = wrapper.cfbundle; includeInIndex = 0; path = FibaroRecruitmentAppTests.xctest; sourceTree = BUILT_PRODUCTS_DIR; };
		1544FD3520415709001CBBDB /* FibaroRecruitmentAppTests.swift */ = {isa = PBXFileReference; lastKnownFileType = sourcecode.swift; path = FibaroRecruitmentAppTests.swift; sourceTree = "<group>"; };
		1544FD3720415709001CBBDB /* Info.plist */ = {isa = PBXFileReference; lastKnownFileType = text.plist.xml; path = Info.plist; sourceTree = "<group>"; };
		1544FD3C20415709001CBBDB /* FibaroRecruitmentAppUITests.xctest */ = {isa = PBXFileReference; explicitFileType = wrapper.cfbundle; includeInIndex = 0; path = FibaroRecruitmentAppUITests.xctest; sourceTree = BUILT_PRODUCTS_DIR; };
		1544FD4020415709001CBBDB /* FibaroRecruitmentAppUITests.swift */ = {isa = PBXFileReference; lastKnownFileType = sourcecode.swift; path = FibaroRecruitmentAppUITests.swift; sourceTree = "<group>"; };
		1544FD4220415709001CBBDB /* Info.plist */ = {isa = PBXFileReference; lastKnownFileType = text.plist.xml; path = Info.plist; sourceTree = "<group>"; };
		157F2084204160ED00D7880D /* RequestType.swift */ = {isa = PBXFileReference; fileEncoding = 4; lastKnownFileType = sourcecode.swift; path = RequestType.swift; sourceTree = "<group>"; };
		157F2086204160ED00D7880D /* String+Extensions.swift */ = {isa = PBXFileReference; fileEncoding = 4; lastKnownFileType = sourcecode.swift; path = "String+Extensions.swift"; sourceTree = "<group>"; };
		157F2088204160ED00D7880D /* SectionObject.swift */ = {isa = PBXFileReference; fileEncoding = 4; lastKnownFileType = sourcecode.swift; path = SectionObject.swift; sourceTree = "<group>"; };
		157F2089204160ED00D7880D /* CentralObject.swift */ = {isa = PBXFileReference; fileEncoding = 4; lastKnownFileType = sourcecode.swift; path = CentralObject.swift; sourceTree = "<group>"; };
		157F208B204160EE00D7880D /* ApiManager.swift */ = {isa = PBXFileReference; fileEncoding = 4; lastKnownFileType = sourcecode.swift; path = ApiManager.swift; sourceTree = "<group>"; };
		157F208D204160EE00D7880D /* CentralRequest.swift */ = {isa = PBXFileReference; fileEncoding = 4; lastKnownFileType = sourcecode.swift; path = CentralRequest.swift; sourceTree = "<group>"; };
		157F208E204160EE00D7880D /* SectionRequest.swift */ = {isa = PBXFileReference; fileEncoding = 4; lastKnownFileType = sourcecode.swift; path = SectionRequest.swift; sourceTree = "<group>"; };
		157F208F204160EE00D7880D /* APIRequest.swift */ = {isa = PBXFileReference; fileEncoding = 4; lastKnownFileType = sourcecode.swift; path = APIRequest.swift; sourceTree = "<group>"; };
		157F2091204160EE00D7880D /* MainViewController.swift */ = {isa = PBXFileReference; fileEncoding = 4; lastKnownFileType = sourcecode.swift; path = MainViewController.swift; sourceTree = "<group>"; };
		157F209C2041613A00D7880D /* CentralInformationView.swift */ = {isa = PBXFileReference; fileEncoding = 4; lastKnownFileType = sourcecode.swift; path = CentralInformationView.swift; sourceTree = "<group>"; };
		157F209D2041613A00D7880D /* BaseView.swift */ = {isa = PBXFileReference; fileEncoding = 4; lastKnownFileType = sourcecode.swift; path = BaseView.swift; sourceTree = "<group>"; };
		157F20A02041637000D7880D /* BaseViewController.swift */ = {isa = PBXFileReference; lastKnownFileType = sourcecode.swift; path = BaseViewController.swift; sourceTree = "<group>"; };
		294AC85B38312B28B8677916 /* Pods-FibaroRecruitmentApp.debug.xcconfig */ = {isa = PBXFileReference; includeInIndex = 1; lastKnownFileType = text.xcconfig; name = "Pods-FibaroRecruitmentApp.debug.xcconfig"; path = "Pods/Target Support Files/Pods-FibaroRecruitmentApp/Pods-FibaroRecruitmentApp.debug.xcconfig"; sourceTree = "<group>"; };
		B5265F95E460DF8C64A4F877 /* Pods_FibaroRecruitmentApp.framework */ = {isa = PBXFileReference; explicitFileType = wrapper.framework; includeInIndex = 0; path = Pods_FibaroRecruitmentApp.framework; sourceTree = BUILT_PRODUCTS_DIR; };
		C202C8F6A245698FB3E10C2E /* Pods-FibaroRecruitmentApp.release.xcconfig */ = {isa = PBXFileReference; includeInIndex = 1; lastKnownFileType = text.xcconfig; name = "Pods-FibaroRecruitmentApp.release.xcconfig"; path = "Pods/Target Support Files/Pods-FibaroRecruitmentApp/Pods-FibaroRecruitmentApp.release.xcconfig"; sourceTree = "<group>"; };
/* End PBXFileReference section */

/* Begin PBXFrameworksBuildPhase section */
		1544FD1A20415709001CBBDB /* Frameworks */ = {
			isa = PBXFrameworksBuildPhase;
			buildActionMask = 2147483647;
			files = (
				9E154EFFA483547D5AD61EA4 /* Pods_FibaroRecruitmentApp.framework in Frameworks */,
			);
			runOnlyForDeploymentPostprocessing = 0;
		};
		1544FD2E20415709001CBBDB /* Frameworks */ = {
			isa = PBXFrameworksBuildPhase;
			buildActionMask = 2147483647;
			files = (
			);
			runOnlyForDeploymentPostprocessing = 0;
		};
		1544FD3920415709001CBBDB /* Frameworks */ = {
			isa = PBXFrameworksBuildPhase;
			buildActionMask = 2147483647;
			files = (
			);
			runOnlyForDeploymentPostprocessing = 0;
		};
/* End PBXFrameworksBuildPhase section */

/* Begin PBXGroup section */
		1544FD1420415709001CBBDB = {
			isa = PBXGroup;
			children = (
				1544FD1F20415709001CBBDB /* FibaroRecruitmentApp */,
				1544FD3420415709001CBBDB /* FibaroRecruitmentAppTests */,
				1544FD3F20415709001CBBDB /* FibaroRecruitmentAppUITests */,
				1544FD1E20415709001CBBDB /* Products */,
				6448EDCD4003EF6C81D88EE4 /* Pods */,
				21987B7BB919861606017CFF /* Frameworks */,
			);
			sourceTree = "<group>";
		};
		1544FD1E20415709001CBBDB /* Products */ = {
			isa = PBXGroup;
			children = (
				1544FD1D20415709001CBBDB /* FibaroRecruitmentApp.app */,
				1544FD3120415709001CBBDB /* FibaroRecruitmentAppTests.xctest */,
				1544FD3C20415709001CBBDB /* FibaroRecruitmentAppUITests.xctest */,
			);
			name = Products;
			sourceTree = "<group>";
		};
		1544FD1F20415709001CBBDB /* FibaroRecruitmentApp */ = {
			isa = PBXGroup;
			children = (
				157F208A204160EE00D7880D /* API */,
				157F2083204160ED00D7880D /* Enums */,
				157F2085204160ED00D7880D /* Extension */,
				157F2087204160ED00D7880D /* Models */,
				157F209B2041613A00D7880D /* Subviews */,
				157F2090204160EE00D7880D /* Controllers */,
				1544FD2020415709001CBBDB /* AppDelegate.swift */,
				1544FD2720415709001CBBDB /* Assets.xcassets */,
				1544FD2920415709001CBBDB /* LaunchScreen.storyboard */,
				1544FD2C20415709001CBBDB /* Info.plist */,
			);
			path = FibaroRecruitmentApp;
			sourceTree = "<group>";
		};
		1544FD3420415709001CBBDB /* FibaroRecruitmentAppTests */ = {
			isa = PBXGroup;
			children = (
				1544FD3520415709001CBBDB /* FibaroRecruitmentAppTests.swift */,
				1544FD3720415709001CBBDB /* Info.plist */,
			);
			path = FibaroRecruitmentAppTests;
			sourceTree = "<group>";
		};
		1544FD3F20415709001CBBDB /* FibaroRecruitmentAppUITests */ = {
			isa = PBXGroup;
			children = (
				1544FD4020415709001CBBDB /* FibaroRecruitmentAppUITests.swift */,
				1544FD4220415709001CBBDB /* Info.plist */,
			);
			path = FibaroRecruitmentAppUITests;
			sourceTree = "<group>";
		};
		157F2083204160ED00D7880D /* Enums */ = {
			isa = PBXGroup;
			children = (
				157F2084204160ED00D7880D /* RequestType.swift */,
			);
			path = Enums;
			sourceTree = "<group>";
		};
		157F2085204160ED00D7880D /* Extension */ = {
			isa = PBXGroup;
			children = (
				157F2086204160ED00D7880D /* String+Extensions.swift */,
			);
			path = Extension;
			sourceTree = "<group>";
		};
		157F2087204160ED00D7880D /* Models */ = {
			isa = PBXGroup;
			children = (
				157F2088204160ED00D7880D /* SectionObject.swift */,
				157F2089204160ED00D7880D /* CentralObject.swift */,
			);
			path = Models;
			sourceTree = "<group>";
		};
		157F208A204160EE00D7880D /* API */ = {
			isa = PBXGroup;
			children = (
				157F208B204160EE00D7880D /* ApiManager.swift */,
				157F208C204160EE00D7880D /* Requests */,
				157F208F204160EE00D7880D /* APIRequest.swift */,
			);
			path = API;
			sourceTree = "<group>";
		};
		157F208C204160EE00D7880D /* Requests */ = {
			isa = PBXGroup;
			children = (
				157F208D204160EE00D7880D /* CentralRequest.swift */,
				157F208E204160EE00D7880D /* SectionRequest.swift */,
			);
			path = Requests;
			sourceTree = "<group>";
		};
		157F2090204160EE00D7880D /* Controllers */ = {
			isa = PBXGroup;
			children = (
				157F2091204160EE00D7880D /* MainViewController.swift */,
				157F20A02041637000D7880D /* BaseViewController.swift */,
			);
			path = Controllers;
			sourceTree = "<group>";
		};
		157F209B2041613A00D7880D /* Subviews */ = {
			isa = PBXGroup;
			children = (
				157F209C2041613A00D7880D /* CentralInformationView.swift */,
				157F209D2041613A00D7880D /* BaseView.swift */,
			);
			path = Subviews;
			sourceTree = "<group>";
		};
		21987B7BB919861606017CFF /* Frameworks */ = {
			isa = PBXGroup;
			children = (
				B5265F95E460DF8C64A4F877 /* Pods_FibaroRecruitmentApp.framework */,
			);
			name = Frameworks;
			sourceTree = "<group>";
		};
		6448EDCD4003EF6C81D88EE4 /* Pods */ = {
			isa = PBXGroup;
			children = (
				294AC85B38312B28B8677916 /* Pods-FibaroRecruitmentApp.debug.xcconfig */,
				C202C8F6A245698FB3E10C2E /* Pods-FibaroRecruitmentApp.release.xcconfig */,
			);
			name = Pods;
			sourceTree = "<group>";
		};
/* End PBXGroup section */

/* Begin PBXNativeTarget section */
		1544FD1C20415709001CBBDB /* FibaroRecruitmentApp */ = {
			isa = PBXNativeTarget;
			buildConfigurationList = 1544FD4520415709001CBBDB /* Build configuration list for PBXNativeTarget "FibaroRecruitmentApp" */;
			buildPhases = (
				AC94F82CB677BE8A40F2B5A7 /* [CP] Check Pods Manifest.lock */,
				1544FD1920415709001CBBDB /* Sources */,
				1544FD1A20415709001CBBDB /* Frameworks */,
				1544FD1B20415709001CBBDB /* Resources */,
				5EB81AF5D623ED1C8709D093 /* [CP] Embed Pods Frameworks */,
				353F9A0AF8372D7C83C60C47 /* [CP] Copy Pods Resources */,
			);
			buildRules = (
			);
			dependencies = (
			);
			name = FibaroRecruitmentApp;
			productName = FibaroRecruitmentApp;
			productReference = 1544FD1D20415709001CBBDB /* FibaroRecruitmentApp.app */;
			productType = "com.apple.product-type.application";
		};
		1544FD3020415709001CBBDB /* FibaroRecruitmentAppTests */ = {
			isa = PBXNativeTarget;
			buildConfigurationList = 1544FD4820415709001CBBDB /* Build configuration list for PBXNativeTarget "FibaroRecruitmentAppTests" */;
			buildPhases = (
				1544FD2D20415709001CBBDB /* Sources */,
				1544FD2E20415709001CBBDB /* Frameworks */,
				1544FD2F20415709001CBBDB /* Resources */,
			);
			buildRules = (
			);
			dependencies = (
				1544FD3320415709001CBBDB /* PBXTargetDependency */,
			);
			name = FibaroRecruitmentAppTests;
			productName = FibaroRecruitmentAppTests;
			productReference = 1544FD3120415709001CBBDB /* FibaroRecruitmentAppTests.xctest */;
			productType = "com.apple.product-type.bundle.unit-test";
		};
		1544FD3B20415709001CBBDB /* FibaroRecruitmentAppUITests */ = {
			isa = PBXNativeTarget;
			buildConfigurationList = 1544FD4B20415709001CBBDB /* Build configuration list for PBXNativeTarget "FibaroRecruitmentAppUITests" */;
			buildPhases = (
				1544FD3820415709001CBBDB /* Sources */,
				1544FD3920415709001CBBDB /* Frameworks */,
				1544FD3A20415709001CBBDB /* Resources */,
			);
			buildRules = (
			);
			dependencies = (
				1544FD3E20415709001CBBDB /* PBXTargetDependency */,
			);
			name = FibaroRecruitmentAppUITests;
			productName = FibaroRecruitmentAppUITests;
			productReference = 1544FD3C20415709001CBBDB /* FibaroRecruitmentAppUITests.xctest */;
			productType = "com.apple.product-type.bundle.ui-testing";
		};
/* End PBXNativeTarget section */

/* Begin PBXProject section */
		1544FD1520415709001CBBDB /* Project object */ = {
			isa = PBXProject;
			attributes = {
				LastSwiftUpdateCheck = 0920;
				LastUpgradeCheck = 0920;
				ORGANIZATIONNAME = "Dominika Czarnecka";
				TargetAttributes = {
					1544FD1C20415709001CBBDB = {
						CreatedOnToolsVersion = 9.2;
						ProvisioningStyle = Automatic;
					};
					1544FD3020415709001CBBDB = {
						CreatedOnToolsVersion = 9.2;
						ProvisioningStyle = Automatic;
						TestTargetID = 1544FD1C20415709001CBBDB;
					};
					1544FD3B20415709001CBBDB = {
						CreatedOnToolsVersion = 9.2;
						ProvisioningStyle = Automatic;
						TestTargetID = 1544FD1C20415709001CBBDB;
					};
				};
			};
			buildConfigurationList = 1544FD1820415709001CBBDB /* Build configuration list for PBXProject "FibaroRecruitmentApp" */;
			compatibilityVersion = "Xcode 8.0";
			developmentRegion = en;
			hasScannedForEncodings = 0;
			knownRegions = (
				en,
				Base,
			);
			mainGroup = 1544FD1420415709001CBBDB;
			productRefGroup = 1544FD1E20415709001CBBDB /* Products */;
			projectDirPath = "";
			projectRoot = "";
			targets = (
				1544FD1C20415709001CBBDB /* FibaroRecruitmentApp */,
				1544FD3020415709001CBBDB /* FibaroRecruitmentAppTests */,
				1544FD3B20415709001CBBDB /* FibaroRecruitmentAppUITests */,
			);
		};
/* End PBXProject section */

/* Begin PBXResourcesBuildPhase section */
		1544FD1B20415709001CBBDB /* Resources */ = {
			isa = PBXResourcesBuildPhase;
			buildActionMask = 2147483647;
			files = (
				1544FD2B20415709001CBBDB /* LaunchScreen.storyboard in Resources */,
				1544FD2820415709001CBBDB /* Assets.xcassets in Resources */,
			);
			runOnlyForDeploymentPostprocessing = 0;
		};
		1544FD2F20415709001CBBDB /* Resources */ = {
			isa = PBXResourcesBuildPhase;
			buildActionMask = 2147483647;
			files = (
			);
			runOnlyForDeploymentPostprocessing = 0;
		};
		1544FD3A20415709001CBBDB /* Resources */ = {
			isa = PBXResourcesBuildPhase;
			buildActionMask = 2147483647;
			files = (
			);
			runOnlyForDeploymentPostprocessing = 0;
		};
/* End PBXResourcesBuildPhase section */

/* Begin PBXShellScriptBuildPhase section */
		353F9A0AF8372D7C83C60C47 /* [CP] Copy Pods Resources */ = {
			isa = PBXShellScriptBuildPhase;
			buildActionMask = 2147483647;
			files = (
			);
			inputPaths = (
			);
			name = "[CP] Copy Pods Resources";
			outputPaths = (
			);
			runOnlyForDeploymentPostprocessing = 0;
			shellPath = /bin/sh;
			shellScript = "\"${SRCROOT}/Pods/Target Support Files/Pods-FibaroRecruitmentApp/Pods-FibaroRecruitmentApp-resources.sh\"\n";
			showEnvVarsInLog = 0;
		};
		5EB81AF5D623ED1C8709D093 /* [CP] Embed Pods Frameworks */ = {
			isa = PBXShellScriptBuildPhase;
			buildActionMask = 2147483647;
			files = (
			);
			inputPaths = (
				"${SRCROOT}/Pods/Target Support Files/Pods-FibaroRecruitmentApp/Pods-FibaroRecruitmentApp-frameworks.sh",
				"${BUILT_PRODUCTS_DIR}/Differentiator/Differentiator.framework",
				"${BUILT_PRODUCTS_DIR}/KVNProgress/KVNProgress.framework",
				"${BUILT_PRODUCTS_DIR}/KeychainAccess/KeychainAccess.framework",
				"${BUILT_PRODUCTS_DIR}/RxCocoa/RxCocoa.framework",
				"${BUILT_PRODUCTS_DIR}/RxDataSources/RxDataSources.framework",
				"${BUILT_PRODUCTS_DIR}/RxSwift/RxSwift.framework",
			);
			name = "[CP] Embed Pods Frameworks";
			outputPaths = (
				"${TARGET_BUILD_DIR}/${FRAMEWORKS_FOLDER_PATH}/Differentiator.framework",
				"${TARGET_BUILD_DIR}/${FRAMEWORKS_FOLDER_PATH}/KVNProgress.framework",
				"${TARGET_BUILD_DIR}/${FRAMEWORKS_FOLDER_PATH}/KeychainAccess.framework",
				"${TARGET_BUILD_DIR}/${FRAMEWORKS_FOLDER_PATH}/RxCocoa.framework",
				"${TARGET_BUILD_DIR}/${FRAMEWORKS_FOLDER_PATH}/RxDataSources.framework",
				"${TARGET_BUILD_DIR}/${FRAMEWORKS_FOLDER_PATH}/RxSwift.framework",
			);
			runOnlyForDeploymentPostprocessing = 0;
			shellPath = /bin/sh;
			shellScript = "\"${SRCROOT}/Pods/Target Support Files/Pods-FibaroRecruitmentApp/Pods-FibaroRecruitmentApp-frameworks.sh\"\n";
			showEnvVarsInLog = 0;
		};
		AC94F82CB677BE8A40F2B5A7 /* [CP] Check Pods Manifest.lock */ = {
			isa = PBXShellScriptBuildPhase;
			buildActionMask = 2147483647;
			files = (
			);
			inputPaths = (
				"${PODS_PODFILE_DIR_PATH}/Podfile.lock",
				"${PODS_ROOT}/Manifest.lock",
			);
			name = "[CP] Check Pods Manifest.lock";
			outputPaths = (
				"$(DERIVED_FILE_DIR)/Pods-FibaroRecruitmentApp-checkManifestLockResult.txt",
			);
			runOnlyForDeploymentPostprocessing = 0;
			shellPath = /bin/sh;
			shellScript = "diff \"${PODS_PODFILE_DIR_PATH}/Podfile.lock\" \"${PODS_ROOT}/Manifest.lock\" > /dev/null\nif [ $? != 0 ] ; then\n    # print error to STDERR\n    echo \"error: The sandbox is not in sync with the Podfile.lock. Run 'pod install' or update your CocoaPods installation.\" >&2\n    exit 1\nfi\n# This output is used by Xcode 'outputs' to avoid re-running this script phase.\necho \"SUCCESS\" > \"${SCRIPT_OUTPUT_FILE_0}\"\n";
			showEnvVarsInLog = 0;
		};
/* End PBXShellScriptBuildPhase section */

/* Begin PBXSourcesBuildPhase section */
		1544FD1920415709001CBBDB /* Sources */ = {
			isa = PBXSourcesBuildPhase;
			buildActionMask = 2147483647;
			files = (
				157F20A12041637000D7880D /* BaseViewController.swift in Sources */,
				157F2094204160EE00D7880D /* SectionObject.swift in Sources */,
				157F209A204160EE00D7880D /* MainViewController.swift in Sources */,
				157F2097204160EE00D7880D /* CentralRequest.swift in Sources */,
				157F209F2041613A00D7880D /* BaseView.swift in Sources */,
				157F2093204160EE00D7880D /* String+Extensions.swift in Sources */,
				157F2096204160EE00D7880D /* ApiManager.swift in Sources */,
				157F209E2041613A00D7880D /* CentralInformationView.swift in Sources */,
				1544FD2120415709001CBBDB /* AppDelegate.swift in Sources */,
				157F2098204160EE00D7880D /* SectionRequest.swift in Sources */,
				157F2095204160EE00D7880D /* CentralObject.swift in Sources */,
				157F2099204160EE00D7880D /* APIRequest.swift in Sources */,
				157F2092204160EE00D7880D /* RequestType.swift in Sources */,
			);
			runOnlyForDeploymentPostprocessing = 0;
		};
		1544FD2D20415709001CBBDB /* Sources */ = {
			isa = PBXSourcesBuildPhase;
			buildActionMask = 2147483647;
			files = (
				1544FD3620415709001CBBDB /* FibaroRecruitmentAppTests.swift in Sources */,
			);
			runOnlyForDeploymentPostprocessing = 0;
		};
		1544FD3820415709001CBBDB /* Sources */ = {
			isa = PBXSourcesBuildPhase;
			buildActionMask = 2147483647;
			files = (
				1544FD4120415709001CBBDB /* FibaroRecruitmentAppUITests.swift in Sources */,
			);
			runOnlyForDeploymentPostprocessing = 0;
		};
/* End PBXSourcesBuildPhase section */

/* Begin PBXTargetDependency section */
		1544FD3320415709001CBBDB /* PBXTargetDependency */ = {
			isa = PBXTargetDependency;
			target = 1544FD1C20415709001CBBDB /* FibaroRecruitmentApp */;
			targetProxy = 1544FD3220415709001CBBDB /* PBXContainerItemProxy */;
		};
		1544FD3E20415709001CBBDB /* PBXTargetDependency */ = {
			isa = PBXTargetDependency;
			target = 1544FD1C20415709001CBBDB /* FibaroRecruitmentApp */;
			targetProxy = 1544FD3D20415709001CBBDB /* PBXContainerItemProxy */;
		};
/* End PBXTargetDependency section */

/* Begin PBXVariantGroup section */
		1544FD2920415709001CBBDB /* LaunchScreen.storyboard */ = {
			isa = PBXVariantGroup;
			children = (
				1544FD2A20415709001CBBDB /* Base */,
			);
			name = LaunchScreen.storyboard;
			sourceTree = "<group>";
		};
/* End PBXVariantGroup section */

/* Begin XCBuildConfiguration section */
		1544FD4320415709001CBBDB /* Debug */ = {
			isa = XCBuildConfiguration;
			buildSettings = {
				ALWAYS_SEARCH_USER_PATHS = NO;
				CLANG_ANALYZER_NONNULL = YES;
				CLANG_ANALYZER_NUMBER_OBJECT_CONVERSION = YES_AGGRESSIVE;
				CLANG_CXX_LANGUAGE_STANDARD = "gnu++14";
				CLANG_CXX_LIBRARY = "libc++";
				CLANG_ENABLE_MODULES = YES;
				CLANG_ENABLE_OBJC_ARC = YES;
				CLANG_WARN_BLOCK_CAPTURE_AUTORELEASING = YES;
				CLANG_WARN_BOOL_CONVERSION = YES;
				CLANG_WARN_COMMA = YES;
				CLANG_WARN_CONSTANT_CONVERSION = YES;
				CLANG_WARN_DIRECT_OBJC_ISA_USAGE = YES_ERROR;
				CLANG_WARN_DOCUMENTATION_COMMENTS = YES;
				CLANG_WARN_EMPTY_BODY = YES;
				CLANG_WARN_ENUM_CONVERSION = YES;
				CLANG_WARN_INFINITE_RECURSION = YES;
				CLANG_WARN_INT_CONVERSION = YES;
				CLANG_WARN_NON_LITERAL_NULL_CONVERSION = YES;
				CLANG_WARN_OBJC_LITERAL_CONVERSION = YES;
				CLANG_WARN_OBJC_ROOT_CLASS = YES_ERROR;
				CLANG_WARN_RANGE_LOOP_ANALYSIS = YES;
				CLANG_WARN_STRICT_PROTOTYPES = YES;
				CLANG_WARN_SUSPICIOUS_MOVE = YES;
				CLANG_WARN_UNGUARDED_AVAILABILITY = YES_AGGRESSIVE;
				CLANG_WARN_UNREACHABLE_CODE = YES;
				CLANG_WARN__DUPLICATE_METHOD_MATCH = YES;
				CODE_SIGN_IDENTITY = "iPhone Developer";
				COPY_PHASE_STRIP = NO;
				DEBUG_INFORMATION_FORMAT = dwarf;
				ENABLE_STRICT_OBJC_MSGSEND = YES;
				ENABLE_TESTABILITY = YES;
				GCC_C_LANGUAGE_STANDARD = gnu11;
				GCC_DYNAMIC_NO_PIC = NO;
				GCC_NO_COMMON_BLOCKS = YES;
				GCC_OPTIMIZATION_LEVEL = 0;
				GCC_PREPROCESSOR_DEFINITIONS = (
					"DEBUG=1",
					"$(inherited)",
				);
				GCC_WARN_64_TO_32_BIT_CONVERSION = YES;
				GCC_WARN_ABOUT_RETURN_TYPE = YES_ERROR;
				GCC_WARN_UNDECLARED_SELECTOR = YES;
				GCC_WARN_UNINITIALIZED_AUTOS = YES_AGGRESSIVE;
				GCC_WARN_UNUSED_FUNCTION = YES;
				GCC_WARN_UNUSED_VARIABLE = YES;
				IPHONEOS_DEPLOYMENT_TARGET = 9.0;
				MTL_ENABLE_DEBUG_INFO = YES;
				ONLY_ACTIVE_ARCH = YES;
				SDKROOT = iphoneos;
				SWIFT_ACTIVE_COMPILATION_CONDITIONS = DEBUG;
				SWIFT_OPTIMIZATION_LEVEL = "-Onone";
			};
			name = Debug;
		};
		1544FD4420415709001CBBDB /* Release */ = {
			isa = XCBuildConfiguration;
			buildSettings = {
				ALWAYS_SEARCH_USER_PATHS = NO;
				CLANG_ANALYZER_NONNULL = YES;
				CLANG_ANALYZER_NUMBER_OBJECT_CONVERSION = YES_AGGRESSIVE;
				CLANG_CXX_LANGUAGE_STANDARD = "gnu++14";
				CLANG_CXX_LIBRARY = "libc++";
				CLANG_ENABLE_MODULES = YES;
				CLANG_ENABLE_OBJC_ARC = YES;
				CLANG_WARN_BLOCK_CAPTURE_AUTORELEASING = YES;
				CLANG_WARN_BOOL_CONVERSION = YES;
				CLANG_WARN_COMMA = YES;
				CLANG_WARN_CONSTANT_CONVERSION = YES;
				CLANG_WARN_DIRECT_OBJC_ISA_USAGE = YES_ERROR;
				CLANG_WARN_DOCUMENTATION_COMMENTS = YES;
				CLANG_WARN_EMPTY_BODY = YES;
				CLANG_WARN_ENUM_CONVERSION = YES;
				CLANG_WARN_INFINITE_RECURSION = YES;
				CLANG_WARN_INT_CONVERSION = YES;
				CLANG_WARN_NON_LITERAL_NULL_CONVERSION = YES;
				CLANG_WARN_OBJC_LITERAL_CONVERSION = YES;
				CLANG_WARN_OBJC_ROOT_CLASS = YES_ERROR;
				CLANG_WARN_RANGE_LOOP_ANALYSIS = YES;
				CLANG_WARN_STRICT_PROTOTYPES = YES;
				CLANG_WARN_SUSPICIOUS_MOVE = YES;
				CLANG_WARN_UNGUARDED_AVAILABILITY = YES_AGGRESSIVE;
				CLANG_WARN_UNREACHABLE_CODE = YES;
				CLANG_WARN__DUPLICATE_METHOD_MATCH = YES;
				CODE_SIGN_IDENTITY = "iPhone Developer";
				COPY_PHASE_STRIP = NO;
				DEBUG_INFORMATION_FORMAT = "dwarf-with-dsym";
				ENABLE_NS_ASSERTIONS = NO;
				ENABLE_STRICT_OBJC_MSGSEND = YES;
				GCC_C_LANGUAGE_STANDARD = gnu11;
				GCC_NO_COMMON_BLOCKS = YES;
				GCC_WARN_64_TO_32_BIT_CONVERSION = YES;
				GCC_WARN_ABOUT_RETURN_TYPE = YES_ERROR;
				GCC_WARN_UNDECLARED_SELECTOR = YES;
				GCC_WARN_UNINITIALIZED_AUTOS = YES_AGGRESSIVE;
				GCC_WARN_UNUSED_FUNCTION = YES;
				GCC_WARN_UNUSED_VARIABLE = YES;
				IPHONEOS_DEPLOYMENT_TARGET = 9.0;
				MTL_ENABLE_DEBUG_INFO = NO;
				SDKROOT = iphoneos;
				SWIFT_OPTIMIZATION_LEVEL = "-Owholemodule";
				VALIDATE_PRODUCT = YES;
			};
			name = Release;
		};
		1544FD4620415709001CBBDB /* Debug */ = {
			isa = XCBuildConfiguration;
			baseConfigurationReference = 294AC85B38312B28B8677916 /* Pods-FibaroRecruitmentApp.debug.xcconfig */;
			buildSettings = {
				ASSETCATALOG_COMPILER_APPICON_NAME = AppIcon;
				CODE_SIGN_STYLE = Automatic;
				DEVELOPMENT_TEAM = 2FP33MYDL3;
				INFOPLIST_FILE = FibaroRecruitmentApp/Info.plist;
				LD_RUNPATH_SEARCH_PATHS = "$(inherited) @executable_path/Frameworks";
				PRODUCT_BUNDLE_IDENTIFIER = dominika.czarnecka.com.FibaroRecruitmentApp;
				PRODUCT_NAME = "$(TARGET_NAME)";
				SWIFT_VERSION = 4.0;
				TARGETED_DEVICE_FAMILY = "1,2";
			};
			name = Debug;
		};
		1544FD4720415709001CBBDB /* Release */ = {
			isa = XCBuildConfiguration;
			baseConfigurationReference = C202C8F6A245698FB3E10C2E /* Pods-FibaroRecruitmentApp.release.xcconfig */;
			buildSettings = {
				ASSETCATALOG_COMPILER_APPICON_NAME = AppIcon;
				CODE_SIGN_STYLE = Automatic;
				DEVELOPMENT_TEAM = 2FP33MYDL3;
				INFOPLIST_FILE = FibaroRecruitmentApp/Info.plist;
				LD_RUNPATH_SEARCH_PATHS = "$(inherited) @executable_path/Frameworks";
				PRODUCT_BUNDLE_IDENTIFIER = dominika.czarnecka.com.FibaroRecruitmentApp;
				PRODUCT_NAME = "$(TARGET_NAME)";
				SWIFT_VERSION = 4.0;
				TARGETED_DEVICE_FAMILY = "1,2";
			};
			name = Release;
		};
		1544FD4920415709001CBBDB /* Debug */ = {
			isa = XCBuildConfiguration;
			buildSettings = {
				ALWAYS_EMBED_SWIFT_STANDARD_LIBRARIES = YES;
				BUNDLE_LOADER = "$(TEST_HOST)";
				CODE_SIGN_STYLE = Automatic;
				DEVELOPMENT_TEAM = 2FP33MYDL3;
				INFOPLIST_FILE = FibaroRecruitmentAppTests/Info.plist;
				LD_RUNPATH_SEARCH_PATHS = "$(inherited) @executable_path/Frameworks @loader_path/Frameworks";
				PRODUCT_BUNDLE_IDENTIFIER = dominika.czarnecka.com.FibaroRecruitmentAppTests;
				PRODUCT_NAME = "$(TARGET_NAME)";
				SWIFT_VERSION = 4.0;
				TARGETED_DEVICE_FAMILY = "1,2";
				TEST_HOST = "$(BUILT_PRODUCTS_DIR)/FibaroRecruitmentApp.app/FibaroRecruitmentApp";
			};
			name = Debug;
		};
		1544FD4A20415709001CBBDB /* Release */ = {
			isa = XCBuildConfiguration;
			buildSettings = {
				ALWAYS_EMBED_SWIFT_STANDARD_LIBRARIES = YES;
				BUNDLE_LOADER = "$(TEST_HOST)";
				CODE_SIGN_STYLE = Automatic;
				DEVELOPMENT_TEAM = 2FP33MYDL3;
				INFOPLIST_FILE = FibaroRecruitmentAppTests/Info.plist;
				LD_RUNPATH_SEARCH_PATHS = "$(inherited) @executable_path/Frameworks @loader_path/Frameworks";
				PRODUCT_BUNDLE_IDENTIFIER = dominika.czarnecka.com.FibaroRecruitmentAppTests;
				PRODUCT_NAME = "$(TARGET_NAME)";
				SWIFT_VERSION = 4.0;
				TARGETED_DEVICE_FAMILY = "1,2";
				TEST_HOST = "$(BUILT_PRODUCTS_DIR)/FibaroRecruitmentApp.app/FibaroRecruitmentApp";
			};
			name = Release;
		};
		1544FD4C20415709001CBBDB /* Debug */ = {
			isa = XCBuildConfiguration;
			buildSettings = {
				ALWAYS_EMBED_SWIFT_STANDARD_LIBRARIES = YES;
				CODE_SIGN_STYLE = Automatic;
				DEVELOPMENT_TEAM = 2FP33MYDL3;
				INFOPLIST_FILE = FibaroRecruitmentAppUITests/Info.plist;
				LD_RUNPATH_SEARCH_PATHS = "$(inherited) @executable_path/Frameworks @loader_path/Frameworks";
				PRODUCT_BUNDLE_IDENTIFIER = dominika.czarnecka.com.FibaroRecruitmentAppUITests;
				PRODUCT_NAME = "$(TARGET_NAME)";
				SWIFT_VERSION = 4.0;
				TARGETED_DEVICE_FAMILY = "1,2";
				TEST_TARGET_NAME = FibaroRecruitmentApp;
			};
			name = Debug;
		};
		1544FD4D20415709001CBBDB /* Release */ = {
			isa = XCBuildConfiguration;
			buildSettings = {
				ALWAYS_EMBED_SWIFT_STANDARD_LIBRARIES = YES;
				CODE_SIGN_STYLE = Automatic;
				DEVELOPMENT_TEAM = 2FP33MYDL3;
				INFOPLIST_FILE = FibaroRecruitmentAppUITests/Info.plist;
				LD_RUNPATH_SEARCH_PATHS = "$(inherited) @executable_path/Frameworks @loader_path/Frameworks";
				PRODUCT_BUNDLE_IDENTIFIER = dominika.czarnecka.com.FibaroRecruitmentAppUITests;
				PRODUCT_NAME = "$(TARGET_NAME)";
				SWIFT_VERSION = 4.0;
				TARGETED_DEVICE_FAMILY = "1,2";
				TEST_TARGET_NAME = FibaroRecruitmentApp;
			};
			name = Release;
		};
/* End XCBuildConfiguration section */

/* Begin XCConfigurationList section */
		1544FD1820415709001CBBDB /* Build configuration list for PBXProject "FibaroRecruitmentApp" */ = {
			isa = XCConfigurationList;
			buildConfigurations = (
				1544FD4320415709001CBBDB /* Debug */,
				1544FD4420415709001CBBDB /* Release */,
			);
			defaultConfigurationIsVisible = 0;
			defaultConfigurationName = Release;
		};
		1544FD4520415709001CBBDB /* Build configuration list for PBXNativeTarget "FibaroRecruitmentApp" */ = {
			isa = XCConfigurationList;
			buildConfigurations = (
				1544FD4620415709001CBBDB /* Debug */,
				1544FD4720415709001CBBDB /* Release */,
			);
			defaultConfigurationIsVisible = 0;
			defaultConfigurationName = Release;
		};
		1544FD4820415709001CBBDB /* Build configuration list for PBXNativeTarget "FibaroRecruitmentAppTests" */ = {
			isa = XCConfigurationList;
			buildConfigurations = (
				1544FD4920415709001CBBDB /* Debug */,
				1544FD4A20415709001CBBDB /* Release */,
			);
			defaultConfigurationIsVisible = 0;
			defaultConfigurationName = Release;
		};
		1544FD4B20415709001CBBDB /* Build configuration list for PBXNativeTarget "FibaroRecruitmentAppUITests" */ = {
			isa = XCConfigurationList;
			buildConfigurations = (
				1544FD4C20415709001CBBDB /* Debug */,
				1544FD4D20415709001CBBDB /* Release */,
			);
			defaultConfigurationIsVisible = 0;
			defaultConfigurationName = Release;
		};
/* End XCConfigurationList section */
	};
	rootObject = 1544FD1520415709001CBBDB /* Project object */;
}
